{
  "name": "unza-sis-moodle",
  "version": "0.1.0",
  "lockfileVersion": 3,
  "requires": true,
  "packages": {
    "": {
      "name": "unza-sis-moodle",
      "version": "0.1.0",
      "license": "UNLICENSED",
      "workspaces": [
        "apps/*",
        "packages/*"
      ],
      "engines": {
        "node": "24.21.0",
        "npm": ">=11"
      }
    }
  }
}
